// !$*UTF8*$!
{
	archiveVersion = 1;
	classes = {
	};
	objectVersion = 46;
	objects = {

/* Begin PBXBuildFile section */
		412196B61D8CE38E00057BF2 /* main.m in Sources */ = {isa = PBXBuildFile; fileRef = 412196B51D8CE38E00057BF2 /* main.m */; };
		412196B91D8CE38E00057BF2 /* UVDemoAppDelegate.m in Sources */ = {isa = PBXBuildFile; fileRef = 412196B81D8CE38E00057BF2 /* UVDemoAppDelegate.m */; };
		412196BC1D8CE38E00057BF2 /* UVViewController.m in Sources */ = {isa = PBXBuildFile; fileRef = 412196BB1D8CE38E00057BF2 /* UVViewController.m */; };
		412196BF1D8CE38E00057BF2 /* Main.storyboard in Resources */ = {isa = PBXBuildFile; fileRef = 412196BD1D8CE38E00057BF2 /* Main.storyboard */; };
		412196C11D8CE38E00057BF2 /* Assets.xcassets in Resources */ = {isa = PBXBuildFile; fileRef = 412196C01D8CE38E00057BF2 /* Assets.xcassets */; };
		412196C41D8CE38E00057BF2 /* LaunchScreen.storyboard in Resources */ = {isa = PBXBuildFile; fileRef = 412196C21D8CE38E00057BF2 /* LaunchScreen.storyboard */; };
		417F58CD1D8DA1B800FBFE2A /* UIKit.framework in Frameworks */ = {isa = PBXBuildFile; fileRef = 417F58CC1D8DA1B800FBFE2A /* UIKit.framework */; };
		417F58CF1D8DA1BF00FBFE2A /* Foundation.framework in Frameworks */ = {isa = PBXBuildFile; fileRef = 417F58CE1D8DA1BF00FBFE2A /* Foundation.framework */; };
		417F58D11D8DA1C700FBFE2A /* QuartzCore.framework in Frameworks */ = {isa = PBXBuildFile; fileRef = 417F58D01D8DA1C700FBFE2A /* QuartzCore.framework */; };
		417F58D31D8DA1F300FBFE2A /* CoreGraphics.framework in Frameworks */ = {isa = PBXBuildFile; fileRef = 417F58D21D8DA1F300FBFE2A /* CoreGraphics.framework */; };
		417F58D51D8DA20000FBFE2A /* SystemConfiguration.framework in Frameworks */ = {isa = PBXBuildFile; fileRef = 417F58D41D8DA20000FBFE2A /* SystemConfiguration.framework */; };
		8D1122A112E79A7498837157 /* libPods-UVDemo.a in Frameworks */ = {isa = PBXBuildFile; fileRef = ABE52D19F9CF723C39538BCF /* libPods-UVDemo.a */; };
/* End PBXBuildFile section */

/* Begin PBXFileReference section */
		17D015D1A8BAC292FC37A172 /* Pods-UVDemo.debug.xcconfig */ = {isa = PBXFileReference; includeInIndex = 1; lastKnownFileType = text.xcconfig; name = "Pods-UVDemo.debug.xcconfig"; path = "Pods/Target Support Files/Pods-UVDemo/Pods-UVDemo.debug.xcconfig"; sourceTree = "<group>"; };
		412196B11D8CE38E00057BF2 /* UVDemo.app */ = {isa = PBXFileReference; explicitFileType = wrapper.application; includeInIndex = 0; path = UVDemo.app; sourceTree = BUILT_PRODUCTS_DIR; };
		412196B51D8CE38E00057BF2 /* main.m */ = {isa = PBXFileReference; lastKnownFileType = sourcecode.c.objc; path = main.m; sourceTree = "<group>"; };
		412196B71D8CE38E00057BF2 /* UVDemoAppDelegate.h */ = {isa = PBXFileReference; lastKnownFileType = sourcecode.c.h; path = UVDemoAppDelegate.h; sourceTree = "<group>"; };
		412196B81D8CE38E00057BF2 /* UVDemoAppDelegate.m */ = {isa = PBXFileReference; lastKnownFileType = sourcecode.c.objc; path = UVDemoAppDelegate.m; sourceTree = "<group>"; };
		412196BA1D8CE38E00057BF2 /* UVViewController.h */ = {isa = PBXFileReference; lastKnownFileType = sourcecode.c.h; path = UVViewController.h; sourceTree = "<group>"; };
		412196BB1D8CE38E00057BF2 /* UVViewController.m */ = {isa = PBXFileReference; lastKnownFileType = sourcecode.c.objc; path = UVViewController.m; sourceTree = "<group>"; };
		412196BE1D8CE38E00057BF2 /* Base */ = {isa = PBXFileReference; lastKnownFileType = file.storyboard; name = Base; path = Base.lproj/Main.storyboard; sourceTree = "<group>"; };
		412196C01D8CE38E00057BF2 /* Assets.xcassets */ = {isa = PBXFileReference; lastKnownFileType = folder.assetcatalog; path = Assets.xcassets; sourceTree = "<group>"; };
		412196C31D8CE38E00057BF2 /* Base */ = {isa = PBXFileReference; lastKnownFileType = file.storyboard; name = Base; path = Base.lproj/LaunchScreen.storyboard; sourceTree = "<group>"; };
		412196C51D8CE38E00057BF2 /* Info.plist */ = {isa = PBXFileReference; lastKnownFileType = text.plist.xml; path = Info.plist; sourceTree = "<group>"; };
		417F58CC1D8DA1B800FBFE2A /* UIKit.framework */ = {isa = PBXFileReference; lastKnownFileType = wrapper.framework; name = UIKit.framework; path = System/Library/Frameworks/UIKit.framework; sourceTree = SDKROOT; };
		417F58CE1D8DA1BF00FBFE2A /* Foundation.framework */ = {isa = PBXFileReference; lastKnownFileType = wrapper.framework; name = Foundation.framework; path = System/Library/Frameworks/Foundation.framework; sourceTree = SDKROOT; };
		417F58D01D8DA1C700FBFE2A /* QuartzCore.framework */ = {isa = PBXFileReference; lastKnownFileType = wrapper.framework; name = QuartzCore.framework; path = System/Library/Frameworks/QuartzCore.framework; sourceTree = SDKROOT; };
		417F58D21D8DA1F300FBFE2A /* CoreGraphics.framework */ = {isa = PBXFileReference; lastKnownFileType = wrapper.framework; name = CoreGraphics.framework; path = System/Library/Frameworks/CoreGraphics.framework; sourceTree = SDKROOT; };
		417F58D41D8DA20000FBFE2A /* SystemConfiguration.framework */ = {isa = PBXFileReference; lastKnownFileType = wrapper.framework; name = SystemConfiguration.framework; path = System/Library/Frameworks/SystemConfiguration.framework; sourceTree = SDKROOT; };
		ABE52D19F9CF723C39538BCF /* libPods-UVDemo.a */ = {isa = PBXFileReference; explicitFileType = archive.ar; includeInIndex = 0; path = "libPods-UVDemo.a"; sourceTree = BUILT_PRODUCTS_DIR; };
		AE0749BCD18CAD5F484B0DB0 /* Pods-UVDemo.release.xcconfig */ = {isa = PBXFileReference; includeInIndex = 1; lastKnownFileType = text.xcconfig; name = "Pods-UVDemo.release.xcconfig"; path = "Pods/Target Support Files/Pods-UVDemo/Pods-UVDemo.release.xcconfig"; sourceTree = "<group>"; };
/* End PBXFileReference section */

/* Begin PBXFrameworksBuildPhase section */
		412196AE1D8CE38E00057BF2 /* Frameworks */ = {
			isa = PBXFrameworksBuildPhase;
			buildActionMask = 2147483647;
			files = (
				417F58D51D8DA20000FBFE2A /* SystemConfiguration.framework in Frameworks */,
				417F58D31D8DA1F300FBFE2A /* CoreGraphics.framework in Frameworks */,
				417F58D11D8DA1C700FBFE2A /* QuartzCore.framework in Frameworks */,
				417F58CF1D8DA1BF00FBFE2A /* Foundation.framework in Frameworks */,
				417F58CD1D8DA1B800FBFE2A /* UIKit.framework in Frameworks */,
				8D1122A112E79A7498837157 /* libPods-UVDemo.a in Frameworks */,
			);
			runOnlyForDeploymentPostprocessing = 0;
		};
/* End PBXFrameworksBuildPhase section */

/* Begin PBXGroup section */
		412196A81D8CE38E00057BF2 = {
			isa = PBXGroup;
			children = (
				412196B31D8CE38E00057BF2 /* UVDemo */,
				412196B21D8CE38E00057BF2 /* Products */,
				417F58CB1D8DA1B800FBFE2A /* Frameworks */,
				BB6D8635DCEF835394AA16AA /* Pods */,
			);
			sourceTree = "<group>";
		};
		412196B21D8CE38E00057BF2 /* Products */ = {
			isa = PBXGroup;
			children = (
				412196B11D8CE38E00057BF2 /* UVDemo.app */,
			);
			name = Products;
			sourceTree = "<group>";
		};
		412196B31D8CE38E00057BF2 /* UVDemo */ = {
			isa = PBXGroup;
			children = (
				412196B71D8CE38E00057BF2 /* UVDemoAppDelegate.h */,
				412196B81D8CE38E00057BF2 /* UVDemoAppDelegate.m */,
				412196BA1D8CE38E00057BF2 /* UVViewController.h */,
				412196BB1D8CE38E00057BF2 /* UVViewController.m */,
				412196BD1D8CE38E00057BF2 /* Main.storyboard */,
				412196C01D8CE38E00057BF2 /* Assets.xcassets */,
				412196C21D8CE38E00057BF2 /* LaunchScreen.storyboard */,
				412196C51D8CE38E00057BF2 /* Info.plist */,
				412196B41D8CE38E00057BF2 /* Supporting Files */,
			);
			path = UVDemo;
			sourceTree = "<group>";
		};
		412196B41D8CE38E00057BF2 /* Supporting Files */ = {
			isa = PBXGroup;
			children = (
				412196B51D8CE38E00057BF2 /* main.m */,
			);
			name = "Supporting Files";
			sourceTree = "<group>";
		};
		417F58CB1D8DA1B800FBFE2A /* Frameworks */ = {
			isa = PBXGroup;
			children = (
				417F58D41D8DA20000FBFE2A /* SystemConfiguration.framework */,
				417F58D21D8DA1F300FBFE2A /* CoreGraphics.framework */,
				417F58D01D8DA1C700FBFE2A /* QuartzCore.framework */,
				417F58CE1D8DA1BF00FBFE2A /* Foundation.framework */,
				417F58CC1D8DA1B800FBFE2A /* UIKit.framework */,
				ABE52D19F9CF723C39538BCF /* libPods-UVDemo.a */,
			);
			name = Frameworks;
			sourceTree = "<group>";
		};
		BB6D8635DCEF835394AA16AA /* Pods */ = {
			isa = PBXGroup;
			children = (
				17D015D1A8BAC292FC37A172 /* Pods-UVDemo.debug.xcconfig */,
				AE0749BCD18CAD5F484B0DB0 /* Pods-UVDemo.release.xcconfig */,
			);
			name = Pods;
			sourceTree = "<group>";
		};
/* End PBXGroup section */

/* Begin PBXNativeTarget section */
		412196B01D8CE38E00057BF2 /* UVDemo */ = {
			isa = PBXNativeTarget;
			buildConfigurationList = 412196C81D8CE38E00057BF2 /* Build configuration list for PBXNativeTarget "UVDemo" */;
			buildPhases = (
				C900E189B57E3CA948C3C9E8 /* [CP] Check Pods Manifest.lock */,
				412196AD1D8CE38E00057BF2 /* Sources */,
				412196AE1D8CE38E00057BF2 /* Frameworks */,
				412196AF1D8CE38E00057BF2 /* Resources */,
				1552E4F97DD501D5ED250983 /* [CP] Embed Pods Frameworks */,
				20A590FDD6B5698AD0723191 /* [CP] Copy Pods Resources */,
			);
			buildRules = (
			);
			dependencies = (
			);
			name = UVDemo;
			productName = UVDemo;
			productReference = 412196B11D8CE38E00057BF2 /* UVDemo.app */;
			productType = "com.apple.product-type.application";
		};
/* End PBXNativeTarget section */

/* Begin PBXProject section */
		412196A91D8CE38E00057BF2 /* Project object */ = {
			isa = PBXProject;
			attributes = {
				LastUpgradeCheck = 0800;
				ORGANIZATIONNAME = UserVoice;
				TargetAttributes = {
					412196B01D8CE38E00057BF2 = {
						CreatedOnToolsVersion = 8.0;
						ProvisioningStyle = Automatic;
					};
				};
			};
			buildConfigurationList = 412196AC1D8CE38E00057BF2 /* Build configuration list for PBXProject "UVDemo" */;
			compatibilityVersion = "Xcode 3.2";
			developmentRegion = English;
			hasScannedForEncodings = 0;
			knownRegions = (
				en,
				Base,
			);
			mainGroup = 412196A81D8CE38E00057BF2;
			productRefGroup = 412196B21D8CE38E00057BF2 /* Products */;
			projectDirPath = "";
			projectRoot = "";
			targets = (
				412196B01D8CE38E00057BF2 /* UVDemo */,
			);
		};
/* End PBXProject section */

/* Begin PBXResourcesBuildPhase section */
		412196AF1D8CE38E00057BF2 /* Resources */ = {
			isa = PBXResourcesBuildPhase;
			buildActionMask = 2147483647;
			files = (
				412196C41D8CE38E00057BF2 /* LaunchScreen.storyboard in Resources */,
				412196C11D8CE38E00057BF2 /* Assets.xcassets in Resources */,
				412196BF1D8CE38E00057BF2 /* Main.storyboard in Resources */,
			);
			runOnlyForDeploymentPostprocessing = 0;
		};
/* End PBXResourcesBuildPhase section */

/* Begin PBXShellScriptBuildPhase section */
		1552E4F97DD501D5ED250983 /* [CP] Embed Pods Frameworks */ = {
			isa = PBXShellScriptBuildPhase;
			buildActionMask = 2147483647;
			files = (
			);
			inputPaths = (
			);
			name = "[CP] Embed Pods Frameworks";
			outputPaths = (
			);
			runOnlyForDeploymentPostprocessing = 0;
			shellPath = /bin/sh;
			shellScript = "\"${SRCROOT}/Pods/Target Support Files/Pods-UVDemo/Pods-UVDemo-frameworks.sh\"\n";
			showEnvVarsInLog = 0;
		};
		20A590FDD6B5698AD0723191 /* [CP] Copy Pods Resources */ = {
			isa = PBXShellScriptBuildPhase;
			buildActionMask = 2147483647;
			files = (
			);
			inputPaths = (
			);
			name = "[CP] Copy Pods Resources";
			outputPaths = (
			);
			runOnlyForDeploymentPostprocessing = 0;
			shellPath = /bin/sh;
			shellScript = "\"${SRCROOT}/Pods/Target Support Files/Pods-UVDemo/Pods-UVDemo-resources.sh\"\n";
			showEnvVarsInLog = 0;
		};
		C900E189B57E3CA948C3C9E8 /* [CP] Check Pods Manifest.lock */ = {
			isa = PBXShellScriptBuildPhase;
			buildActionMask = 2147483647;
			files = (
			);
			inputPaths = (
			);
			name = "[CP] Check Pods Manifest.lock";
			outputPaths = (
			);
			runOnlyForDeploymentPostprocessing = 0;
			shellPath = /bin/sh;
			shellScript = "diff \"${PODS_ROOT}/../Podfile.lock\" \"${PODS_ROOT}/Manifest.lock\" > /dev/null\nif [[ $? != 0 ]] ; then\n    cat << EOM\nerror: The sandbox is not in sync with the Podfile.lock. Run 'pod install' or update your CocoaPods installation.\nEOM\n    exit 1\nfi\n";
			showEnvVarsInLog = 0;
		};
/* End PBXShellScriptBuildPhase section */

/* Begin PBXSourcesBuildPhase section */
		412196AD1D8CE38E00057BF2 /* Sources */ = {
			isa = PBXSourcesBuildPhase;
			buildActionMask = 2147483647;
			files = (
				412196BC1D8CE38E00057BF2 /* UVViewController.m in Sources */,
				412196B91D8CE38E00057BF2 /* UVDemoAppDelegate.m in Sources */,
				412196B61D8CE38E00057BF2 /* main.m in Sources */,
			);
			runOnlyForDeploymentPostprocessing = 0;
		};
/* End PBXSourcesBuildPhase section */

/* Begin PBXVariantGroup section */
		412196BD1D8CE38E00057BF2 /* Main.storyboard */ = {
			isa = PBXVariantGroup;
			children = (
				412196BE1D8CE38E00057BF2 /* Base */,
			);
			name = Main.storyboard;
			sourceTree = "<group>";
		};
		412196C21D8CE38E00057BF2 /* LaunchScreen.storyboard */ = {
			isa = PBXVariantGroup;
			children = (
				412196C31D8CE38E00057BF2 /* Base */,
			);
			name = LaunchScreen.storyboard;
			sourceTree = "<group>";
		};
/* End PBXVariantGroup section */

/* Begin XCBuildConfiguration section */
		412196C61D8CE38E00057BF2 /* Debug */ = {
			isa = XCBuildConfiguration;
			buildSettings = {
				ALWAYS_SEARCH_USER_PATHS = NO;
				CLANG_ANALYZER_NONNULL = YES;
				CLANG_CXX_LANGUAGE_STANDARD = "gnu++0x";
				CLANG_CXX_LIBRARY = "libc++";
				CLANG_ENABLE_MODULES = YES;
				CLANG_ENABLE_OBJC_ARC = YES;
				CLANG_WARN_BOOL_CONVERSION = YES;
				CLANG_WARN_CONSTANT_CONVERSION = YES;
				CLANG_WARN_DIRECT_OBJC_ISA_USAGE = YES_ERROR;
				CLANG_WARN_DOCUMENTATION_COMMENTS = YES;
				CLANG_WARN_EMPTY_BODY = YES;
				CLANG_WARN_ENUM_CONVERSION = YES;
				CLANG_WARN_INFINITE_RECURSION = YES;
				CLANG_WARN_INT_CONVERSION = YES;
				CLANG_WARN_OBJC_ROOT_CLASS = YES_ERROR;
				CLANG_WARN_SUSPICIOUS_MOVES = YES;
				CLANG_WARN_UNREACHABLE_CODE = YES;
				CLANG_WARN__DUPLICATE_METHOD_MATCH = YES;
				"CODE_SIGN_IDENTITY[sdk=iphoneos*]" = "iPhone Developer";
				COPY_PHASE_STRIP = NO;
				DEBUG_INFORMATION_FORMAT = dwarf;
				ENABLE_STRICT_OBJC_MSGSEND = YES;
				ENABLE_TESTABILITY = YES;
				GCC_C_LANGUAGE_STANDARD = gnu99;
				GCC_DYNAMIC_NO_PIC = NO;
				GCC_NO_COMMON_BLOCKS = YES;
				GCC_OPTIMIZATION_LEVEL = 0;
				GCC_PREPROCESSOR_DEFINITIONS = (
					"DEBUG=1",
					"$(inherited)",
				);
				GCC_WARN_64_TO_32_BIT_CONVERSION = YES;
				GCC_WARN_ABOUT_RETURN_TYPE = YES_ERROR;
				GCC_WARN_UNDECLARED_SELECTOR = YES;
				GCC_WARN_UNINITIALIZED_AUTOS = YES_AGGRESSIVE;
				GCC_WARN_UNUSED_FUNCTION = YES;
				GCC_WARN_UNUSED_VARIABLE = YES;
				IPHONEOS_DEPLOYMENT_TARGET = 9.0;
				MTL_ENABLE_DEBUG_INFO = YES;
				ONLY_ACTIVE_ARCH = YES;
				SDKROOT = iphoneos;
				TARGETED_DEVICE_FAMILY = "1,2";
			};
			name = Debug;
		};
		412196C71D8CE38E00057BF2 /* Release */ = {
			isa = XCBuildConfiguration;
			buildSettings = {
				ALWAYS_SEARCH_USER_PATHS = NO;
				CLANG_ANALYZER_NONNULL = YES;
				CLANG_CXX_LANGUAGE_STANDARD = "gnu++0x";
				CLANG_CXX_LIBRARY = "libc++";
				CLANG_ENABLE_MODULES = YES;
				CLANG_ENABLE_OBJC_ARC = YES;
				CLANG_WARN_BOOL_CONVERSION = YES;
				CLANG_WARN_CONSTANT_CONVERSION = YES;
				CLANG_WARN_DIRECT_OBJC_ISA_USAGE = YES_ERROR;
				CLANG_WARN_DOCUMENTATION_COMMENTS = YES;
				CLANG_WARN_EMPTY_BODY = YES;
				CLANG_WARN_ENUM_CONVERSION = YES;
				CLANG_WARN_INFINITE_RECURSION = YES;
				CLANG_WARN_INT_CONVERSION = YES;
				CLANG_WARN_OBJC_ROOT_CLASS = YES_ERROR;
				CLANG_WARN_SUSPICIOUS_MOVES = YES;
				CLANG_WARN_UNREACHABLE_CODE = YES;
				CLANG_WARN__DUPLICATE_METHOD_MATCH = YES;
				"CODE_SIGN_IDENTITY[sdk=iphoneos*]" = "iPhone Developer";
				COPY_PHASE_STRIP = NO;
				DEBUG_INFORMATION_FORMAT = "dwarf-with-dsym";
				ENABLE_NS_ASSERTIONS = NO;
				ENABLE_STRICT_OBJC_MSGSEND = YES;
				GCC_C_LANGUAGE_STANDARD = gnu99;
				GCC_NO_COMMON_BLOCKS = YES;
				GCC_WARN_64_TO_32_BIT_CONVERSION = YES;
				GCC_WARN_ABOUT_RETURN_TYPE = YES_ERROR;
				GCC_WARN_UNDECLARED_SELECTOR = YES;
				GCC_WARN_UNINITIALIZED_AUTOS = YES_AGGRESSIVE;
				GCC_WARN_UNUSED_FUNCTION = YES;
				GCC_WARN_UNUSED_VARIABLE = YES;
				IPHONEOS_DEPLOYMENT_TARGET = 9.0;
				MTL_ENABLE_DEBUG_INFO = NO;
				SDKROOT = iphoneos;
				TARGETED_DEVICE_FAMILY = "1,2";
				VALIDATE_PRODUCT = YES;
			};
			name = Release;
		};
		412196C91D8CE38E00057BF2 /* Debug */ = {
			isa = XCBuildConfiguration;
			baseConfigurationReference = 17D015D1A8BAC292FC37A172 /* Pods-UVDemo.debug.xcconfig */;
			buildSettings = {
				ASSETCATALOG_COMPILER_APPICON_NAME = AppIcon;
				INFOPLIST_FILE = UVDemo/Info.plist;
				IPHONEOS_DEPLOYMENT_TARGET = 9.0;
				LD_RUNPATH_SEARCH_PATHS = "$(inherited) @executable_path/Frameworks";
				PRODUCT_BUNDLE_IDENTIFIER = UserVoice.UVDemo;
				PRODUCT_NAME = "$(TARGET_NAME)";
			};
			name = Debug;
		};
		412196CA1D8CE38E00057BF2 /* Release */ = {
			isa = XCBuildConfiguration;
			baseConfigurationReference = AE0749BCD18CAD5F484B0DB0 /* Pods-UVDemo.release.xcconfig */;
			buildSettings = {
				ASSETCATALOG_COMPILER_APPICON_NAME = AppIcon;
				INFOPLIST_FILE = UVDemo/Info.plist;
				IPHONEOS_DEPLOYMENT_TARGET = 9.0;
				LD_RUNPATH_SEARCH_PATHS = "$(inherited) @executable_path/Frameworks";
				PRODUCT_BUNDLE_IDENTIFIER = UserVoice.UVDemo;
				PRODUCT_NAME = "$(TARGET_NAME)";
			};
			name = Release;
		};
/* End XCBuildConfiguration section */

/* Begin XCConfigurationList section */
		412196AC1D8CE38E00057BF2 /* Build configuration list for PBXProject "UVDemo" */ = {
			isa = XCConfigurationList;
			buildConfigurations = (
				412196C61D8CE38E00057BF2 /* Debug */,
				412196C71D8CE38E00057BF2 /* Release */,
			);
			defaultConfigurationIsVisible = 0;
			defaultConfigurationName = Release;
		};
		412196C81D8CE38E00057BF2 /* Build configuration list for PBXNativeTarget "UVDemo" */ = {
			isa = XCConfigurationList;
			buildConfigurations = (
				412196C91D8CE38E00057BF2 /* Debug */,
				412196CA1D8CE38E00057BF2 /* Release */,
			);
			defaultConfigurationIsVisible = 0;
			defaultConfigurationName = Release;
		};
/* End XCConfigurationList section */
	};
	rootObject = 412196A91D8CE38E00057BF2 /* Project object */;
}
